
Microsoft Visual Studio Solution File, Format Version 12.00
# Visual Studio 15
VisualStudioVersion = 15.0.28307.168
MinimumVisualStudioVersion = 10.0.40219.1
Project("{9A19103F-16F7-4668-BE54-9A1E7A4F7556}") = "BaseProject", "BaseProject\BaseProject.csproj", "{16948EBC-5991-4005-B8D4-8DE7A01BC03E}"
EndProject
Project("{9A19103F-16F7-4668-BE54-9A1E7A4F7556}") = "DataLayer", "DataLayer\DataLayer.csproj", "{D0363E66-5AC7-45D3-BB45-8E67B6F756FF}"
EndProject
Project("{9A19103F-16F7-4668-BE54-9A1E7A4F7556}") = "Entity", "Entity\Entity.csproj", "{4D6FF4D1-6181-47ED-AE53-C2E013E77F7D}"
EndProject
Project("{9A19103F-16F7-4668-BE54-9A1E7A4F7556}") = "ServiceLayer", "ServiceLayer\ServiceLayer.csproj", "{3409A9CC-0FF2-4F1E-97FE-B547486AD2E9}"
EndProject
Project("{9A19103F-16F7-4668-BE54-9A1E7A4F7556}") = "Common", "Common\Common.csproj", "{B725B8F8-FDEA-4BEE-B116-F82471E9AB17}"
EndProject
Global
	GlobalSection(SolutionConfigurationPlatforms) = preSolution
		Debug|Any CPU = Debug|Any CPU
		Release|Any CPU = Release|Any CPU
	EndGlobalSection
	GlobalSection(ProjectConfigurationPlatforms) = postSolution
		{16948EBC-5991-4005-B8D4-8DE7A01BC03E}.Debug|Any CPU.ActiveCfg = Debug|Any CPU
		{16948EBC-5991-4005-B8D4-8DE7A01BC03E}.Debug|Any CPU.Build.0 = Debug|Any CPU
		{16948EBC-5991-4005-B8D4-8DE7A01BC03E}.Release|Any CPU.ActiveCfg = Release|Any CPU
		{16948EBC-5991-4005-B8D4-8DE7A01BC03E}.Release|Any CPU.Build.0 = Release|Any CPU
		{D0363E66-5AC7-45D3-BB45-8E67B6F756FF}.Debug|Any CPU.ActiveCfg = Debug|Any CPU
		{D0363E66-5AC7-45D3-BB45-8E67B6F756FF}.Debug|Any CPU.Build.0 = Debug|Any CPU
		{D0363E66-5AC7-45D3-BB45-8E67B6F756FF}.Release|Any CPU.ActiveCfg = Release|Any CPU
		{D0363E66-5AC7-45D3-BB45-8E67B6F756FF}.Release|Any CPU.Build.0 = Release|Any CPU
		{4D6FF4D1-6181-47ED-AE53-C2E013E77F7D}.Debug|Any CPU.ActiveCfg = Debug|Any CPU
		{4D6FF4D1-6181-47ED-AE53-C2E013E77F7D}.Debug|Any CPU.Build.0 = Debug|Any CPU
		{4D6FF4D1-6181-47ED-AE53-C2E013E77F7D}.Release|Any CPU.ActiveCfg = Release|Any CPU
		{4D6FF4D1-6181-47ED-AE53-C2E013E77F7D}.Release|Any CPU.Build.0 = Release|Any CPU
		{3409A9CC-0FF2-4F1E-97FE-B547486AD2E9}.Debug|Any CPU.ActiveCfg = Debug|Any CPU
		{3409A9CC-0FF2-4F1E-97FE-B547486AD2E9}.Debug|Any CPU.Build.0 = Debug|Any CPU
		{3409A9CC-0FF2-4F1E-97FE-B547486AD2E9}.Release|Any CPU.ActiveCfg = Release|Any CPU
		{3409A9CC-0FF2-4F1E-97FE-B547486AD2E9}.Release|Any CPU.Build.0 = Release|Any CPU
		{B725B8F8-FDEA-4BEE-B116-F82471E9AB17}.Debug|Any CPU.ActiveCfg = Debug|Any CPU
		{B725B8F8-FDEA-4BEE-B116-F82471E9AB17}.Debug|Any CPU.Build.0 = Debug|Any CPU
		{B725B8F8-FDEA-4BEE-B116-F82471E9AB17}.Release|Any CPU.ActiveCfg = Release|Any CPU
		{B725B8F8-FDEA-4BEE-B116-F82471E9AB17}.Release|Any CPU.Build.0 = Release|Any CPU
	EndGlobalSection
	GlobalSection(SolutionProperties) = preSolution
		HideSolutionNode = FALSE
	EndGlobalSection
	GlobalSection(ExtensibilityGlobals) = postSolution
		SolutionGuid = {1E4E653E-8407-4595-A333-7EDF0003E396}
	EndGlobalSection
EndGlobal
